
Microsoft Visual Studio Solution File, Format Version 12.00
# Visual Studio 15
VisualStudioVersion = 15.0.27130.2036
MinimumVisualStudioVersion = 10.0.40219.1
Project("{888888A0-9F3D-457C-B088-3A5042F75D52}") = "TestRougeLike", "TestRougeLike\TestRougeLike.pyproj", "{F4D9B1AF-5E4C-4342-BE91-9BE8D7B78B99}"
EndProject
Global
	GlobalSection(SolutionConfigurationPlatforms) = preSolution
		Debug|Any CPU = Debug|Any CPU
		Release|Any CPU = Release|Any CPU
	EndGlobalSection
	GlobalSection(ProjectConfigurationPlatforms) = postSolution
		{F4D9B1AF-5E4C-4342-BE91-9BE8D7B78B99}.Debug|Any CPU.ActiveCfg = Debug|Any CPU
		{F4D9B1AF-5E4C-4342-BE91-9BE8D7B78B99}.Release|Any CPU.ActiveCfg = Release|Any CPU
	EndGlobalSection
	GlobalSection(SolutionProperties) = preSolution
		HideSolutionNode = FALSE
	EndGlobalSection
	GlobalSection(ExtensibilityGlobals) = postSolution
		SolutionGuid = {AF9E657F-E132-4D3D-9F5C-2C23A070537D}
	EndGlobalSection
EndGlobal
